
Microsoft Visual Studio Solution File, Format Version 12.00
# Visual Studio Version 16
VisualStudioVersion = 16.0.30406.217
MinimumVisualStudioVersion = 10.0.40219.1
Project("{9A19103F-16F7-4668-BE54-9A1E7A4F7556}") = "User", "User.csproj", "{80FBA3DD-25FA-471D-B8EA-CDDB3BB5B955}"
EndProject
Project("{FAE04EC0-301F-11D3-BF4B-00C04F79EFBC}") = "FunctionApp1", "..\FunctionApp1\FunctionApp1.csproj", "{80EC5686-C77E-4F51-8179-EFD495220FDA}"
EndProject
Global
	GlobalSection(SolutionConfigurationPlatforms) = preSolution
		Debug|Any CPU = Debug|Any CPU
		Release|Any CPU = Release|Any CPU
	EndGlobalSection
	GlobalSection(ProjectConfigurationPlatforms) = postSolution
		{80FBA3DD-25FA-471D-B8EA-CDDB3BB5B955}.Debug|Any CPU.ActiveCfg = Debug|Any CPU
		{80FBA3DD-25FA-471D-B8EA-CDDB3BB5B955}.Debug|Any CPU.Build.0 = Debug|Any CPU
		{80FBA3DD-25FA-471D-B8EA-CDDB3BB5B955}.Release|Any CPU.ActiveCfg = Release|Any CPU
		{80FBA3DD-25FA-471D-B8EA-CDDB3BB5B955}.Release|Any CPU.Build.0 = Release|Any CPU
		{80EC5686-C77E-4F51-8179-EFD495220FDA}.Debug|Any CPU.ActiveCfg = Debug|Any CPU
		{80EC5686-C77E-4F51-8179-EFD495220FDA}.Debug|Any CPU.Build.0 = Debug|Any CPU
		{80EC5686-C77E-4F51-8179-EFD495220FDA}.Release|Any CPU.ActiveCfg = Release|Any CPU
		{80EC5686-C77E-4F51-8179-EFD495220FDA}.Release|Any CPU.Build.0 = Release|Any CPU
	EndGlobalSection
	GlobalSection(SolutionProperties) = preSolution
		HideSolutionNode = FALSE
	EndGlobalSection
	GlobalSection(ExtensibilityGlobals) = postSolution
		SolutionGuid = {83C5C316-5F78-476F-BCCC-F847CA341844}
	EndGlobalSection
EndGlobal
